// !$*UTF8*$!
{
	archiveVersion = 1;
	classes = {
	};
	objectVersion = 50;
	objects = {

/* Begin PBXBuildFile section */
		B01255C621F7914500B6328A /* Reachability+extra.swift in Sources */ = {isa = PBXBuildFile; fileRef = B01255C421F7914400B6328A /* Reachability+extra.swift */; };
		B01255C721F7914500B6328A /* Reachability.swift in Sources */ = {isa = PBXBuildFile; fileRef = B01255C521F7914400B6328A /* Reachability.swift */; };
		B04C437B21F78D81000701C2 /* AppDelegate.swift in Sources */ = {isa = PBXBuildFile; fileRef = B04C437A21F78D81000701C2 /* AppDelegate.swift */; };
		B04C437D21F78D81000701C2 /* ViewController.swift in Sources */ = {isa = PBXBuildFile; fileRef = B04C437C21F78D81000701C2 /* ViewController.swift */; };
		B04C438021F78D81000701C2 /* Main.storyboard in Resources */ = {isa = PBXBuildFile; fileRef = B04C437E21F78D81000701C2 /* Main.storyboard */; };
		B04C438221F78D82000701C2 /* Assets.xcassets in Resources */ = {isa = PBXBuildFile; fileRef = B04C438121F78D82000701C2 /* Assets.xcassets */; };
		B04C438521F78D82000701C2 /* LaunchScreen.storyboard in Resources */ = {isa = PBXBuildFile; fileRef = B04C438321F78D82000701C2 /* LaunchScreen.storyboard */; };
		B04C439021F78D82000701C2 /* PVReachabilityTests.swift in Sources */ = {isa = PBXBuildFile; fileRef = B04C438F21F78D82000701C2 /* PVReachabilityTests.swift */; };
		B04C439B21F78D82000701C2 /* PVReachabilityUITests.swift in Sources */ = {isa = PBXBuildFile; fileRef = B04C439A21F78D82000701C2 /* PVReachabilityUITests.swift */; };
/* End PBXBuildFile section */

/* Begin PBXContainerItemProxy section */
		B04C438C21F78D82000701C2 /* PBXContainerItemProxy */ = {
			isa = PBXContainerItemProxy;
			containerPortal = B04C436F21F78D81000701C2 /* Project object */;
			proxyType = 1;
			remoteGlobalIDString = B04C437621F78D81000701C2;
			remoteInfo = PVReachability;
		};
		B04C439721F78D82000701C2 /* PBXContainerItemProxy */ = {
			isa = PBXContainerItemProxy;
			containerPortal = B04C436F21F78D81000701C2 /* Project object */;
			proxyType = 1;
			remoteGlobalIDString = B04C437621F78D81000701C2;
			remoteInfo = PVReachability;
		};
/* End PBXContainerItemProxy section */

/* Begin PBXFileReference section */
		B01255C421F7914400B6328A /* Reachability+extra.swift */ = {isa = PBXFileReference; fileEncoding = 4; lastKnownFileType = sourcecode.swift; path = "Reachability+extra.swift"; sourceTree = "<group>"; };
		B01255C521F7914400B6328A /* Reachability.swift */ = {isa = PBXFileReference; fileEncoding = 4; lastKnownFileType = sourcecode.swift; path = Reachability.swift; sourceTree = "<group>"; };
		B04C437721F78D81000701C2 /* PVReachability.app */ = {isa = PBXFileReference; explicitFileType = wrapper.application; includeInIndex = 0; path = PVReachability.app; sourceTree = BUILT_PRODUCTS_DIR; };
		B04C437A21F78D81000701C2 /* AppDelegate.swift */ = {isa = PBXFileReference; lastKnownFileType = sourcecode.swift; path = AppDelegate.swift; sourceTree = "<group>"; };
		B04C437C21F78D81000701C2 /* ViewController.swift */ = {isa = PBXFileReference; lastKnownFileType = sourcecode.swift; path = ViewController.swift; sourceTree = "<group>"; };
		B04C437F21F78D81000701C2 /* Base */ = {isa = PBXFileReference; lastKnownFileType = file.storyboard; name = Base; path = Base.lproj/Main.storyboard; sourceTree = "<group>"; };
		B04C438121F78D82000701C2 /* Assets.xcassets */ = {isa = PBXFileReference; lastKnownFileType = folder.assetcatalog; path = Assets.xcassets; sourceTree = "<group>"; };
		B04C438421F78D82000701C2 /* Base */ = {isa = PBXFileReference; lastKnownFileType = file.storyboard; name = Base; path = Base.lproj/LaunchScreen.storyboard; sourceTree = "<group>"; };
		B04C438621F78D82000701C2 /* Info.plist */ = {isa = PBXFileReference; lastKnownFileType = text.plist.xml; path = Info.plist; sourceTree = "<group>"; };
		B04C438B21F78D82000701C2 /* PVReachabilityTests.xctest */ = {isa = PBXFileReference; explicitFileType = wrapper.cfbundle; includeInIndex = 0; path = PVReachabilityTests.xctest; sourceTree = BUILT_PRODUCTS_DIR; };
		B04C438F21F78D82000701C2 /* PVReachabilityTests.swift */ = {isa = PBXFileReference; lastKnownFileType = sourcecode.swift; path = PVReachabilityTests.swift; sourceTree = "<group>"; };
		B04C439121F78D82000701C2 /* Info.plist */ = {isa = PBXFileReference; lastKnownFileType = text.plist.xml; path = Info.plist; sourceTree = "<group>"; };
		B04C439621F78D82000701C2 /* PVReachabilityUITests.xctest */ = {isa = PBXFileReference; explicitFileType = wrapper.cfbundle; includeInIndex = 0; path = PVReachabilityUITests.xctest; sourceTree = BUILT_PRODUCTS_DIR; };
		B04C439A21F78D82000701C2 /* PVReachabilityUITests.swift */ = {isa = PBXFileReference; lastKnownFileType = sourcecode.swift; path = PVReachabilityUITests.swift; sourceTree = "<group>"; };
		B04C439C21F78D82000701C2 /* Info.plist */ = {isa = PBXFileReference; lastKnownFileType = text.plist.xml; path = Info.plist; sourceTree = "<group>"; };
/* End PBXFileReference section */

/* Begin PBXFrameworksBuildPhase section */
		B04C437421F78D81000701C2 /* Frameworks */ = {
			isa = PBXFrameworksBuildPhase;
			buildActionMask = 2147483647;
			files = (
			);
			runOnlyForDeploymentPostprocessing = 0;
		};
		B04C438821F78D82000701C2 /* Frameworks */ = {
			isa = PBXFrameworksBuildPhase;
			buildActionMask = 2147483647;
			files = (
			);
			runOnlyForDeploymentPostprocessing = 0;
		};
		B04C439321F78D82000701C2 /* Frameworks */ = {
			isa = PBXFrameworksBuildPhase;
			buildActionMask = 2147483647;
			files = (
			);
			runOnlyForDeploymentPostprocessing = 0;
		};
/* End PBXFrameworksBuildPhase section */

/* Begin PBXGroup section */
		B01255C321F7914400B6328A /* cls */ = {
			isa = PBXGroup;
			children = (
				B01255C421F7914400B6328A /* Reachability+extra.swift */,
				B01255C521F7914400B6328A /* Reachability.swift */,
			);
			path = cls;
			sourceTree = "<group>";
		};
		B04C436E21F78D81000701C2 = {
			isa = PBXGroup;
			children = (
				B04C437921F78D81000701C2 /* PVReachability */,
				B04C438E21F78D82000701C2 /* PVReachabilityTests */,
				B04C439921F78D82000701C2 /* PVReachabilityUITests */,
				B04C437821F78D81000701C2 /* Products */,
			);
			sourceTree = "<group>";
		};
		B04C437821F78D81000701C2 /* Products */ = {
			isa = PBXGroup;
			children = (
				B04C437721F78D81000701C2 /* PVReachability.app */,
				B04C438B21F78D82000701C2 /* PVReachabilityTests.xctest */,
				B04C439621F78D82000701C2 /* PVReachabilityUITests.xctest */,
			);
			name = Products;
			sourceTree = "<group>";
		};
		B04C437921F78D81000701C2 /* PVReachability */ = {
			isa = PBXGroup;
			children = (
				B01255C321F7914400B6328A /* cls */,
				B04C437A21F78D81000701C2 /* AppDelegate.swift */,
				B04C437C21F78D81000701C2 /* ViewController.swift */,
				B04C437E21F78D81000701C2 /* Main.storyboard */,
				B04C438121F78D82000701C2 /* Assets.xcassets */,
				B04C438321F78D82000701C2 /* LaunchScreen.storyboard */,
				B04C438621F78D82000701C2 /* Info.plist */,
			);
			path = PVReachability;
			sourceTree = "<group>";
		};
		B04C438E21F78D82000701C2 /* PVReachabilityTests */ = {
			isa = PBXGroup;
			children = (
				B04C438F21F78D82000701C2 /* PVReachabilityTests.swift */,
				B04C439121F78D82000701C2 /* Info.plist */,
			);
			path = PVReachabilityTests;
			sourceTree = "<group>";
		};
		B04C439921F78D82000701C2 /* PVReachabilityUITests */ = {
			isa = PBXGroup;
			children = (
				B04C439A21F78D82000701C2 /* PVReachabilityUITests.swift */,
				B04C439C21F78D82000701C2 /* Info.plist */,
			);
			path = PVReachabilityUITests;
			sourceTree = "<group>";
		};
/* End PBXGroup section */

/* Begin PBXNativeTarget section */
		B04C437621F78D81000701C2 /* PVReachability */ = {
			isa = PBXNativeTarget;
			buildConfigurationList = B04C439F21F78D82000701C2 /* Build configuration list for PBXNativeTarget "PVReachability" */;
			buildPhases = (
				B04C437321F78D81000701C2 /* Sources */,
				B04C437421F78D81000701C2 /* Frameworks */,
				B04C437521F78D81000701C2 /* Resources */,
			);
			buildRules = (
			);
			dependencies = (
			);
			name = PVReachability;
			productName = PVReachability;
			productReference = B04C437721F78D81000701C2 /* PVReachability.app */;
			productType = "com.apple.product-type.application";
		};
		B04C438A21F78D82000701C2 /* PVReachabilityTests */ = {
			isa = PBXNativeTarget;
			buildConfigurationList = B04C43A221F78D82000701C2 /* Build configuration list for PBXNativeTarget "PVReachabilityTests" */;
			buildPhases = (
				B04C438721F78D82000701C2 /* Sources */,
				B04C438821F78D82000701C2 /* Frameworks */,
				B04C438921F78D82000701C2 /* Resources */,
			);
			buildRules = (
			);
			dependencies = (
				B04C438D21F78D82000701C2 /* PBXTargetDependency */,
			);
			name = PVReachabilityTests;
			productName = PVReachabilityTests;
			productReference = B04C438B21F78D82000701C2 /* PVReachabilityTests.xctest */;
			productType = "com.apple.product-type.bundle.unit-test";
		};
		B04C439521F78D82000701C2 /* PVReachabilityUITests */ = {
			isa = PBXNativeTarget;
			buildConfigurationList = B04C43A521F78D82000701C2 /* Build configuration list for PBXNativeTarget "PVReachabilityUITests" */;
			buildPhases = (
				B04C439221F78D82000701C2 /* Sources */,
				B04C439321F78D82000701C2 /* Frameworks */,
				B04C439421F78D82000701C2 /* Resources */,
			);
			buildRules = (
			);
			dependencies = (
				B04C439821F78D82000701C2 /* PBXTargetDependency */,
			);
			name = PVReachabilityUITests;
			productName = PVReachabilityUITests;
			productReference = B04C439621F78D82000701C2 /* PVReachabilityUITests.xctest */;
			productType = "com.apple.product-type.bundle.ui-testing";
		};
/* End PBXNativeTarget section */

/* Begin PBXProject section */
		B04C436F21F78D81000701C2 /* Project object */ = {
			isa = PBXProject;
			attributes = {
				LastSwiftUpdateCheck = 1010;
				LastUpgradeCheck = 1010;
				ORGANIZATIONNAME = "chandra sekhar p";
				TargetAttributes = {
					B04C437621F78D81000701C2 = {
						CreatedOnToolsVersion = 10.1;
					};
					B04C438A21F78D82000701C2 = {
						CreatedOnToolsVersion = 10.1;
						TestTargetID = B04C437621F78D81000701C2;
					};
					B04C439521F78D82000701C2 = {
						CreatedOnToolsVersion = 10.1;
						TestTargetID = B04C437621F78D81000701C2;
					};
				};
			};
			buildConfigurationList = B04C437221F78D81000701C2 /* Build configuration list for PBXProject "PVReachability" */;
			compatibilityVersion = "Xcode 9.3";
			developmentRegion = en;
			hasScannedForEncodings = 0;
			knownRegions = (
				en,
				Base,
			);
			mainGroup = B04C436E21F78D81000701C2;
			productRefGroup = B04C437821F78D81000701C2 /* Products */;
			projectDirPath = "";
			projectRoot = "";
			targets = (
				B04C437621F78D81000701C2 /* PVReachability */,
				B04C438A21F78D82000701C2 /* PVReachabilityTests */,
				B04C439521F78D82000701C2 /* PVReachabilityUITests */,
			);
		};
/* End PBXProject section */

/* Begin PBXResourcesBuildPhase section */
		B04C437521F78D81000701C2 /* Resources */ = {
			isa = PBXResourcesBuildPhase;
			buildActionMask = 2147483647;
			files = (
				B04C438521F78D82000701C2 /* LaunchScreen.storyboard in Resources */,
				B04C438221F78D82000701C2 /* Assets.xcassets in Resources */,
				B04C438021F78D81000701C2 /* Main.storyboard in Resources */,
			);
			runOnlyForDeploymentPostprocessing = 0;
		};
		B04C438921F78D82000701C2 /* Resources */ = {
			isa = PBXResourcesBuildPhase;
			buildActionMask = 2147483647;
			files = (
			);
			runOnlyForDeploymentPostprocessing = 0;
		};
		B04C439421F78D82000701C2 /* Resources */ = {
			isa = PBXResourcesBuildPhase;
			buildActionMask = 2147483647;
			files = (
			);
			runOnlyForDeploymentPostprocessing = 0;
		};
/* End PBXResourcesBuildPhase section */

/* Begin PBXSourcesBuildPhase section */
		B04C437321F78D81000701C2 /* Sources */ = {
			isa = PBXSourcesBuildPhase;
			buildActionMask = 2147483647;
			files = (
				B04C437D21F78D81000701C2 /* ViewController.swift in Sources */,
				B01255C621F7914500B6328A /* Reachability+extra.swift in Sources */,
				B01255C721F7914500B6328A /* Reachability.swift in Sources */,
				B04C437B21F78D81000701C2 /* AppDelegate.swift in Sources */,
			);
			runOnlyForDeploymentPostprocessing = 0;
		};
		B04C438721F78D82000701C2 /* Sources */ = {
			isa = PBXSourcesBuildPhase;
			buildActionMask = 2147483647;
			files = (
				B04C439021F78D82000701C2 /* PVReachabilityTests.swift in Sources */,
			);
			runOnlyForDeploymentPostprocessing = 0;
		};
		B04C439221F78D82000701C2 /* Sources */ = {
			isa = PBXSourcesBuildPhase;
			buildActionMask = 2147483647;
			files = (
				B04C439B21F78D82000701C2 /* PVReachabilityUITests.swift in Sources */,
			);
			runOnlyForDeploymentPostprocessing = 0;
		};
/* End PBXSourcesBuildPhase section */

/* Begin PBXTargetDependency section */
		B04C438D21F78D82000701C2 /* PBXTargetDependency */ = {
			isa = PBXTargetDependency;
			target = B04C437621F78D81000701C2 /* PVReachability */;
			targetProxy = B04C438C21F78D82000701C2 /* PBXContainerItemProxy */;
		};
		B04C439821F78D82000701C2 /* PBXTargetDependency */ = {
			isa = PBXTargetDependency;
			target = B04C437621F78D81000701C2 /* PVReachability */;
			targetProxy = B04C439721F78D82000701C2 /* PBXContainerItemProxy */;
		};
/* End PBXTargetDependency section */

/* Begin PBXVariantGroup section */
		B04C437E21F78D81000701C2 /* Main.storyboard */ = {
			isa = PBXVariantGroup;
			children = (
				B04C437F21F78D81000701C2 /* Base */,
			);
			name = Main.storyboard;
			sourceTree = "<group>";
		};
		B04C438321F78D82000701C2 /* LaunchScreen.storyboard */ = {
			isa = PBXVariantGroup;
			children = (
				B04C438421F78D82000701C2 /* Base */,
			);
			name = LaunchScreen.storyboard;
			sourceTree = "<group>";
		};
/* End PBXVariantGroup section */

/* Begin XCBuildConfiguration section */
		B04C439D21F78D82000701C2 /* Debug */ = {
			isa = XCBuildConfiguration;
			buildSettings = {
				ALWAYS_SEARCH_USER_PATHS = NO;
				CLANG_ANALYZER_NONNULL = YES;
				CLANG_ANALYZER_NUMBER_OBJECT_CONVERSION = YES_AGGRESSIVE;
				CLANG_CXX_LANGUAGE_STANDARD = "gnu++14";
				CLANG_CXX_LIBRARY = "libc++";
				CLANG_ENABLE_MODULES = YES;
				CLANG_ENABLE_OBJC_ARC = YES;
				CLANG_ENABLE_OBJC_WEAK = YES;
				CLANG_WARN_BLOCK_CAPTURE_AUTORELEASING = YES;
				CLANG_WARN_BOOL_CONVERSION = YES;
				CLANG_WARN_COMMA = YES;
				CLANG_WARN_CONSTANT_CONVERSION = YES;
				CLANG_WARN_DEPRECATED_OBJC_IMPLEMENTATIONS = YES;
				CLANG_WARN_DIRECT_OBJC_ISA_USAGE = YES_ERROR;
				CLANG_WARN_DOCUMENTATION_COMMENTS = YES;
				CLANG_WARN_EMPTY_BODY = YES;
				CLANG_WARN_ENUM_CONVERSION = YES;
				CLANG_WARN_INFINITE_RECURSION = YES;
				CLANG_WARN_INT_CONVERSION = YES;
				CLANG_WARN_NON_LITERAL_NULL_CONVERSION = YES;
				CLANG_WARN_OBJC_IMPLICIT_RETAIN_SELF = YES;
				CLANG_WARN_OBJC_LITERAL_CONVERSION = YES;
				CLANG_WARN_OBJC_ROOT_CLASS = YES_ERROR;
				CLANG_WARN_RANGE_LOOP_ANALYSIS = YES;
				CLANG_WARN_STRICT_PROTOTYPES = YES;
				CLANG_WARN_SUSPICIOUS_MOVE = YES;
				CLANG_WARN_UNGUARDED_AVAILABILITY = YES_AGGRESSIVE;
				CLANG_WARN_UNREACHABLE_CODE = YES;
				CLANG_WARN__DUPLICATE_METHOD_MATCH = YES;
				CODE_SIGN_IDENTITY = "iPhone Developer";
				COPY_PHASE_STRIP = NO;
				DEBUG_INFORMATION_FORMAT = dwarf;
				ENABLE_STRICT_OBJC_MSGSEND = YES;
				ENABLE_TESTABILITY = YES;
				GCC_C_LANGUAGE_STANDARD = gnu11;
				GCC_DYNAMIC_NO_PIC = NO;
				GCC_NO_COMMON_BLOCKS = YES;
				GCC_OPTIMIZATION_LEVEL = 0;
				GCC_PREPROCESSOR_DEFINITIONS = (
					"DEBUG=1",
					"$(inherited)",
				);
				GCC_WARN_64_TO_32_BIT_CONVERSION = YES;
				GCC_WARN_ABOUT_RETURN_TYPE = YES_ERROR;
				GCC_WARN_UNDECLARED_SELECTOR = YES;
				GCC_WARN_UNINITIALIZED_AUTOS = YES_AGGRESSIVE;
				GCC_WARN_UNUSED_FUNCTION = YES;
				GCC_WARN_UNUSED_VARIABLE = YES;
				IPHONEOS_DEPLOYMENT_TARGET = 12.1;
				MTL_ENABLE_DEBUG_INFO = INCLUDE_SOURCE;
				MTL_FAST_MATH = YES;
				ONLY_ACTIVE_ARCH = YES;
				SDKROOT = iphoneos;
				SWIFT_ACTIVE_COMPILATION_CONDITIONS = DEBUG;
				SWIFT_OPTIMIZATION_LEVEL = "-Onone";
			};
			name = Debug;
		};
		B04C439E21F78D82000701C2 /* Release */ = {
			isa = XCBuildConfiguration;
			buildSettings = {
				ALWAYS_SEARCH_USER_PATHS = NO;
				CLANG_ANALYZER_NONNULL = YES;
				CLANG_ANALYZER_NUMBER_OBJECT_CONVERSION = YES_AGGRESSIVE;
				CLANG_CXX_LANGUAGE_STANDARD = "gnu++14";
				CLANG_CXX_LIBRARY = "libc++";
				CLANG_ENABLE_MODULES = YES;
				CLANG_ENABLE_OBJC_ARC = YES;
				CLANG_ENABLE_OBJC_WEAK = YES;
				CLANG_WARN_BLOCK_CAPTURE_AUTORELEASING = YES;
				CLANG_WARN_BOOL_CONVERSION = YES;
				CLANG_WARN_COMMA = YES;
				CLANG_WARN_CONSTANT_CONVERSION = YES;
				CLANG_WARN_DEPRECATED_OBJC_IMPLEMENTATIONS = YES;
				CLANG_WARN_DIRECT_OBJC_ISA_USAGE = YES_ERROR;
				CLANG_WARN_DOCUMENTATION_COMMENTS = YES;
				CLANG_WARN_EMPTY_BODY = YES;
				CLANG_WARN_ENUM_CONVERSION = YES;
				CLANG_WARN_INFINITE_RECURSION = YES;
				CLANG_WARN_INT_CONVERSION = YES;
				CLANG_WARN_NON_LITERAL_NULL_CONVERSION = YES;
				CLANG_WARN_OBJC_IMPLICIT_RETAIN_SELF = YES;
				CLANG_WARN_OBJC_LITERAL_CONVERSION = YES;
				CLANG_WARN_OBJC_ROOT_CLASS = YES_ERROR;
				CLANG_WARN_RANGE_LOOP_ANALYSIS = YES;
				CLANG_WARN_STRICT_PROTOTYPES = YES;
				CLANG_WARN_SUSPICIOUS_MOVE = YES;
				CLANG_WARN_UNGUARDED_AVAILABILITY = YES_AGGRESSIVE;
				CLANG_WARN_UNREACHABLE_CODE = YES;
				CLANG_WARN__DUPLICATE_METHOD_MATCH = YES;
				CODE_SIGN_IDENTITY = "iPhone Developer";
				COPY_PHASE_STRIP = NO;
				DEBUG_INFORMATION_FORMAT = "dwarf-with-dsym";
				ENABLE_NS_ASSERTIONS = NO;
				ENABLE_STRICT_OBJC_MSGSEND = YES;
				GCC_C_LANGUAGE_STANDARD = gnu11;
				GCC_NO_COMMON_BLOCKS = YES;
				GCC_WARN_64_TO_32_BIT_CONVERSION = YES;
				GCC_WARN_ABOUT_RETURN_TYPE = YES_ERROR;
				GCC_WARN_UNDECLARED_SELECTOR = YES;
				GCC_WARN_UNINITIALIZED_AUTOS = YES_AGGRESSIVE;
				GCC_WARN_UNUSED_FUNCTION = YES;
				GCC_WARN_UNUSED_VARIABLE = YES;
				IPHONEOS_DEPLOYMENT_TARGET = 12.1;
				MTL_ENABLE_DEBUG_INFO = NO;
				MTL_FAST_MATH = YES;
				SDKROOT = iphoneos;
				SWIFT_COMPILATION_MODE = wholemodule;
				SWIFT_OPTIMIZATION_LEVEL = "-O";
				VALIDATE_PRODUCT = YES;
			};
			name = Release;
		};
		B04C43A021F78D82000701C2 /* Debug */ = {
			isa = XCBuildConfiguration;
			buildSettings = {
				ASSETCATALOG_COMPILER_APPICON_NAME = AppIcon;
				CODE_SIGN_STYLE = Automatic;
				DEVELOPMENT_TEAM = DNHPH5E8K4;
				INFOPLIST_FILE = PVReachability/Info.plist;
				LD_RUNPATH_SEARCH_PATHS = (
					"$(inherited)",
					"@executable_path/Frameworks",
				);
				PRODUCT_BUNDLE_IDENTIFIER = com.pv.PVReachability;
				PRODUCT_NAME = "$(TARGET_NAME)";
				SWIFT_VERSION = 4.2;
				TARGETED_DEVICE_FAMILY = "1,2";
			};
			name = Debug;
		};
		B04C43A121F78D82000701C2 /* Release */ = {
			isa = XCBuildConfiguration;
			buildSettings = {
				ASSETCATALOG_COMPILER_APPICON_NAME = AppIcon;
				CODE_SIGN_STYLE = Automatic;
				DEVELOPMENT_TEAM = DNHPH5E8K4;
				INFOPLIST_FILE = PVReachability/Info.plist;
				LD_RUNPATH_SEARCH_PATHS = (
					"$(inherited)",
					"@executable_path/Frameworks",
				);
				PRODUCT_BUNDLE_IDENTIFIER = com.pv.PVReachability;
				PRODUCT_NAME = "$(TARGET_NAME)";
				SWIFT_VERSION = 4.2;
				TARGETED_DEVICE_FAMILY = "1,2";
			};
			name = Release;
		};
		B04C43A321F78D82000701C2 /* Debug */ = {
			isa = XCBuildConfiguration;
			buildSettings = {
				ALWAYS_EMBED_SWIFT_STANDARD_LIBRARIES = YES;
				BUNDLE_LOADER = "$(TEST_HOST)";
				CODE_SIGN_STYLE = Automatic;
				DEVELOPMENT_TEAM = DNHPH5E8K4;
				INFOPLIST_FILE = PVReachabilityTests/Info.plist;
				LD_RUNPATH_SEARCH_PATHS = (
					"$(inherited)",
					"@executable_path/Frameworks",
					"@loader_path/Frameworks",
				);
				PRODUCT_BUNDLE_IDENTIFIER = com.pv.PVReachabilityTests;
				PRODUCT_NAME = "$(TARGET_NAME)";
				SWIFT_VERSION = 4.2;
				TARGETED_DEVICE_FAMILY = "1,2";
				TEST_HOST = "$(BUILT_PRODUCTS_DIR)/PVReachability.app/PVReachability";
			};
			name = Debug;
		};
		B04C43A421F78D82000701C2 /* Release */ = {
			isa = XCBuildConfiguration;
			buildSettings = {
				ALWAYS_EMBED_SWIFT_STANDARD_LIBRARIES = YES;
				BUNDLE_LOADER = "$(TEST_HOST)";
				CODE_SIGN_STYLE = Automatic;
				DEVELOPMENT_TEAM = DNHPH5E8K4;
				INFOPLIST_FILE = PVReachabilityTests/Info.plist;
				LD_RUNPATH_SEARCH_PATHS = (
					"$(inherited)",
					"@executable_path/Frameworks",
					"@loader_path/Frameworks",
				);
				PRODUCT_BUNDLE_IDENTIFIER = com.pv.PVReachabilityTests;
				PRODUCT_NAME = "$(TARGET_NAME)";
				SWIFT_VERSION = 4.2;
				TARGETED_DEVICE_FAMILY = "1,2";
				TEST_HOST = "$(BUILT_PRODUCTS_DIR)/PVReachability.app/PVReachability";
			};
			name = Release;
		};
		B04C43A621F78D82000701C2 /* Debug */ = {
			isa = XCBuildConfiguration;
			buildSettings = {
				ALWAYS_EMBED_SWIFT_STANDARD_LIBRARIES = YES;
				CODE_SIGN_STYLE = Automatic;
				DEVELOPMENT_TEAM = DNHPH5E8K4;
				INFOPLIST_FILE = PVReachabilityUITests/Info.plist;
				LD_RUNPATH_SEARCH_PATHS = (
					"$(inherited)",
					"@executable_path/Frameworks",
					"@loader_path/Frameworks",
				);
				PRODUCT_BUNDLE_IDENTIFIER = com.pv.PVReachabilityUITests;
				PRODUCT_NAME = "$(TARGET_NAME)";
				SWIFT_VERSION = 4.2;
				TARGETED_DEVICE_FAMILY = "1,2";
				TEST_TARGET_NAME = PVReachability;
			};
			name = Debug;
		};
		B04C43A721F78D82000701C2 /* Release */ = {
			isa = XCBuildConfiguration;
			buildSettings = {
				ALWAYS_EMBED_SWIFT_STANDARD_LIBRARIES = YES;
				CODE_SIGN_STYLE = Automatic;
				DEVELOPMENT_TEAM = DNHPH5E8K4;
				INFOPLIST_FILE = PVReachabilityUITests/Info.plist;
				LD_RUNPATH_SEARCH_PATHS = (
					"$(inherited)",
					"@executable_path/Frameworks",
					"@loader_path/Frameworks",
				);
				PRODUCT_BUNDLE_IDENTIFIER = com.pv.PVReachabilityUITests;
				PRODUCT_NAME = "$(TARGET_NAME)";
				SWIFT_VERSION = 4.2;
				TARGETED_DEVICE_FAMILY = "1,2";
				TEST_TARGET_NAME = PVReachability;
			};
			name = Release;
		};
/* End XCBuildConfiguration section */

/* Begin XCConfigurationList section */
		B04C437221F78D81000701C2 /* Build configuration list for PBXProject "PVReachability" */ = {
			isa = XCConfigurationList;
			buildConfigurations = (
				B04C439D21F78D82000701C2 /* Debug */,
				B04C439E21F78D82000701C2 /* Release */,
			);
			defaultConfigurationIsVisible = 0;
			defaultConfigurationName = Release;
		};
		B04C439F21F78D82000701C2 /* Build configuration list for PBXNativeTarget "PVReachability" */ = {
			isa = XCConfigurationList;
			buildConfigurations = (
				B04C43A021F78D82000701C2 /* Debug */,
				B04C43A121F78D82000701C2 /* Release */,
			);
			defaultConfigurationIsVisible = 0;
			defaultConfigurationName = Release;
		};
		B04C43A221F78D82000701C2 /* Build configuration list for PBXNativeTarget "PVReachabilityTests" */ = {
			isa = XCConfigurationList;
			buildConfigurations = (
				B04C43A321F78D82000701C2 /* Debug */,
				B04C43A421F78D82000701C2 /* Release */,
			);
			defaultConfigurationIsVisible = 0;
			defaultConfigurationName = Release;
		};
		B04C43A521F78D82000701C2 /* Build configuration list for PBXNativeTarget "PVReachabilityUITests" */ = {
			isa = XCConfigurationList;
			buildConfigurations = (
				B04C43A621F78D82000701C2 /* Debug */,
				B04C43A721F78D82000701C2 /* Release */,
			);
			defaultConfigurationIsVisible = 0;
			defaultConfigurationName = Release;
		};
/* End XCConfigurationList section */
	};
	rootObject = B04C436F21F78D81000701C2 /* Project object */;
}
